{
    "version": 3,
    "terraform_version": "0.10.7",
    "serial": 122,
    "lineage": "99a150a7-c578-48b6-826b-649eaf6764a1",
    "modules": [
        {
            "path": [
                "root"
            ],
            "outputs": {
                "droplet_ip": {
                    "sensitive": false,
                    "type": "string",
                    "value": "167.99.225.231"
                },
                "floating_ip": {
                    "sensitive": false,
                    "type": "string",
                    "value": "165.227.254.190"
                }
            },
            "resources": {
                "data.template_file.user-data": {
                    "type": "template_file",
                    "depends_on": [],
                    "primary": {
                        "id": "fb2f32556b355f06ae168b8f915bd0eaf16bef4a95d9f7cf06ef0545b3d58946",
                        "attributes": {
                            "id": "fb2f32556b355f06ae168b8f915bd0eaf16bef4a95d9f7cf06ef0545b3d58946",
                            "rendered": "#cloud-config\nwrite_files:\n  - path: /start-services.sh\n    content: |\n      #!/usr/bin/env bash\n      wget https://raw.githubusercontent.com/macaco-maluco/macaco-maluco-infra/master/docker-compose.yml\n      export TMDB_API_KEY=e010f1b00a33f958a69ba0988105d1ed\n      docker-compose up\n",
                            "template": "#cloud-config\nwrite_files:\n  - path: /start-services.sh\n    content: |\n      #!/usr/bin/env bash\n      wget https://raw.githubusercontent.com/macaco-maluco/macaco-maluco-infra/master/docker-compose.yml\n      export TMDB_API_KEY=${tmdb_api_key}\n      docker-compose up\n",
                            "vars.%": "1",
                            "vars.tmdb_api_key": "e010f1b00a33f958a69ba0988105d1ed"
                        },
                        "meta": {},
                        "tainted": false
                    },
                    "deposed": [],
                    "provider": ""
                },
                "digitalocean_domain.macaco-maluco": {
                    "type": "digitalocean_domain",
                    "depends_on": [
                        "digitalocean_floating_ip.macaco-maluco"
                    ],
                    "primary": {
                        "id": "macacomaluco.space",
                        "attributes": {
                            "id": "macacomaluco.space",
                            "ip_address": "165.227.254.190",
                            "name": "macacomaluco.space"
                        },
                        "meta": {},
                        "tainted": false
                    },
                    "deposed": [],
                    "provider": ""
                },
                "digitalocean_domain.unbubble": {
                    "type": "digitalocean_domain",
                    "depends_on": [
                        "digitalocean_floating_ip.macaco-maluco"
                    ],
                    "primary": {
                        "id": "unbubble.space",
                        "attributes": {
                            "id": "unbubble.space",
                            "ip_address": "165.227.254.190",
                            "name": "unbubble.space"
                        },
                        "meta": {},
                        "tainted": false
                    },
                    "deposed": [],
                    "provider": ""
                },
                "digitalocean_droplet.macaco-maluco": {
                    "type": "digitalocean_droplet",
                    "depends_on": [
                        "data.template_file.user-data"
                    ],
                    "primary": {
                        "id": "245328570",
                        "attributes": {
                            "disk": "25",
                            "id": "245328570",
                            "image": "docker-20-04",
                            "ipv4_address": "167.99.225.231",
                            "ipv4_address_private": "10.136.92.94",
                            "ipv6": "true",
                            "ipv6_address": "2604:a880:400:d0::17df:1",
                            "ipv6_address_private": "",
                            "locked": "false",
                            "name": "macaco-maluco",
                            "price_hourly": "0.00744",
                            "price_monthly": "5",
                            "private_networking": "true",
                            "region": "nyc1",
                            "resize_disk": "true",
                            "size": "s-1vcpu-1gb",
                            "ssh_keys.#": "1",
                            "ssh_keys.0": "30275495",
                            "status": "active",
                            "tags.#": "0",
                            "user_data": "#cloud-config\nwrite_files:\n  - path: /start-services.sh\n    content: |\n      #!/usr/bin/env bash\n      wget https://raw.githubusercontent.com/macaco-maluco/macaco-maluco-infra/master/docker-compose.yml\n      export TMDB_API_KEY=e010f1b00a33f958a69ba0988105d1ed\n      docker-compose up\n",
                            "vcpus": "1"
                        },
                        "meta": {},
                        "tainted": false
                    },
                    "deposed": [],
                    "provider": ""
                },
                "digitalocean_floating_ip.macaco-maluco": {
                    "type": "digitalocean_floating_ip",
                    "depends_on": [
                        "digitalocean_droplet.macaco-maluco"
                    ],
                    "primary": {
                        "id": "165.227.254.190",
                        "attributes": {
                            "droplet_id": "245328570",
                            "id": "165.227.254.190",
                            "ip_address": "165.227.254.190",
                            "region": "nyc1"
                        },
                        "meta": {},
                        "tainted": false
                    },
                    "deposed": [],
                    "provider": ""
                },
                "digitalocean_record.day-one-macaco-maluco": {
                    "type": "digitalocean_record",
                    "depends_on": [
                        "digitalocean_domain.macaco-maluco"
                    ],
                    "primary": {
                        "id": "149438686",
                        "attributes": {
                            "domain": "macacomaluco.space",
                            "fqdn": "day-one.macacomaluco.space",
                            "id": "149438686",
                            "name": "day-one",
                            "port": "0",
                            "priority": "0",
                            "ttl": "1800",
                            "type": "CNAME",
                            "value": "macaco-maluco.github.io.",
                            "weight": "0"
                        },
                        "meta": {},
                        "tainted": false
                    },
                    "deposed": [],
                    "provider": ""
                },
                "digitalocean_record.giftellers-firebase-macaco-maluco": {
                    "type": "digitalocean_record",
                    "depends_on": [
                        "digitalocean_domain.macaco-maluco"
                    ],
                    "primary": {
                        "id": "149438685",
                        "attributes": {
                            "domain": "macacomaluco.space",
                            "fqdn": "@.macacomaluco.space",
                            "id": "149438685",
                            "name": "@",
                            "port": "0",
                            "priority": "0",
                            "ttl": "1800",
                            "type": "TXT",
                            "value": "firebase=giftellers",
                            "weight": "0"
                        },
                        "meta": {},
                        "tainted": false
                    },
                    "deposed": [],
                    "provider": ""
                },
                "digitalocean_record.giftellers-globalsign-macaco-maluco": {
                    "type": "digitalocean_record",
                    "depends_on": [
                        "digitalocean_domain.macaco-maluco"
                    ],
                    "primary": {
                        "id": "149438683",
                        "attributes": {
                            "domain": "macacomaluco.space",
                            "fqdn": "@.macacomaluco.space",
                            "id": "149438683",
                            "name": "@",
                            "port": "0",
                            "priority": "0",
                            "ttl": "1800",
                            "type": "TXT",
                            "value": "globalsign-domain-verification=-fxW38vCBctXeaqa0e3W9WR9aGP3FSS4BlqYMBg2lk",
                            "weight": "0"
                        },
                        "meta": {},
                        "tainted": false
                    },
                    "deposed": [],
                    "provider": ""
                },
                "digitalocean_record.giftellers-macaco-maluco": {
                    "type": "digitalocean_record",
                    "depends_on": [
                        "digitalocean_domain.macaco-maluco"
                    ],
                    "primary": {
                        "id": "149438684",
                        "attributes": {
                            "domain": "macacomaluco.space",
                            "fqdn": "giftellers.macacomaluco.space",
                            "id": "149438684",
                            "name": "giftellers",
                            "port": "0",
                            "priority": "0",
                            "ttl": "1800",
                            "type": "CNAME",
                            "value": "giftellers.firebaseapp.com.",
                            "weight": "0"
                        },
                        "meta": {},
                        "tainted": false
                    },
                    "deposed": [],
                    "provider": ""
                },
                "digitalocean_record.macaco-maluco": {
                    "type": "digitalocean_record",
                    "depends_on": [
                        "digitalocean_domain.macaco-maluco",
                        "digitalocean_floating_ip.macaco-maluco"
                    ],
                    "primary": {
                        "id": "149438687",
                        "attributes": {
                            "domain": "macacomaluco.space",
                            "fqdn": "*.macacomaluco.space",
                            "id": "149438687",
                            "name": "*",
                            "port": "0",
                            "priority": "0",
                            "ttl": "1800",
                            "type": "A",
                            "value": "165.227.254.190",
                            "weight": "0"
                        },
                        "meta": {},
                        "tainted": false
                    },
                    "deposed": [],
                    "provider": ""
                },
                "digitalocean_record.peixe-macaco-maluco": {
                    "type": "digitalocean_record",
                    "depends_on": [
                        "digitalocean_domain.macaco-maluco"
                    ],
                    "primary": {
                        "id": "149438689",
                        "attributes": {
                            "domain": "macacomaluco.space",
                            "fqdn": "peixe.macacomaluco.space",
                            "id": "149438689",
                            "name": "peixe",
                            "port": "0",
                            "priority": "0",
                            "ttl": "1800",
                            "type": "CNAME",
                            "value": "macaco-maluco.github.io.",
                            "weight": "0"
                        },
                        "meta": {},
                        "tainted": false
                    },
                    "deposed": [],
                    "provider": ""
                },
                "digitalocean_record.sombrio-macaco-maluco": {
                    "type": "digitalocean_record",
                    "depends_on": [
                        "digitalocean_domain.macaco-maluco"
                    ],
                    "primary": {
                        "id": "149438682",
                        "attributes": {
                            "domain": "macacomaluco.space",
                            "fqdn": "sombrio.macacomaluco.space",
                            "id": "149438682",
                            "name": "sombrio",
                            "port": "0",
                            "priority": "0",
                            "ttl": "1800",
                            "type": "CNAME",
                            "value": "sombrio.macacomaluco.space.herokudns.com.",
                            "weight": "0"
                        },
                        "meta": {},
                        "tainted": false
                    },
                    "deposed": [],
                    "provider": ""
                },
                "digitalocean_record.thermalrunway-macaco-maluco": {
                    "type": "digitalocean_record",
                    "depends_on": [
                        "digitalocean_domain.macaco-maluco"
                    ],
                    "primary": {
                        "id": "149438688",
                        "attributes": {
                            "domain": "macacomaluco.space",
                            "fqdn": "thermalrunway.macacomaluco.space",
                            "id": "149438688",
                            "name": "thermalrunway",
                            "port": "0",
                            "priority": "0",
                            "ttl": "1800",
                            "type": "CNAME",
                            "value": "eloquent-tereshkova-cadb7e.netlify.app.",
                            "weight": "0"
                        },
                        "meta": {},
                        "tainted": false
                    },
                    "deposed": [],
                    "provider": ""
                }
            },
            "depends_on": []
        }
    ]
}
